
Microsoft Visual Studio Solution File, Format Version 12.00
# Visual Studio 2012
Project("{FAE04EC0-301F-11D3-BF4B-00C04F79EFBC}") = "RentApp.iOS", "RentApp.iOS.csproj", "{464BA2D9-12FA-419D-B4A1-E93B57E479AC}"
EndProject
Global
	GlobalSection(SolutionConfigurationPlatforms) = preSolution
		Debug|iPhoneSimulator = Debug|iPhoneSimulator
		Release|iPhone = Release|iPhone
		Release|iPhoneSimulator = Release|iPhoneSimulator
		Debug|iPhone = Debug|iPhone
	EndGlobalSection
	GlobalSection(ProjectConfigurationPlatforms) = postSolution
		{464BA2D9-12FA-419D-B4A1-E93B57E479AC}.Debug|iPhoneSimulator.ActiveCfg = Debug|iPhoneSimulator
		{464BA2D9-12FA-419D-B4A1-E93B57E479AC}.Debug|iPhoneSimulator.Build.0 = Debug|iPhoneSimulator
		{464BA2D9-12FA-419D-B4A1-E93B57E479AC}.Release|iPhone.ActiveCfg = Release|iPhone
		{464BA2D9-12FA-419D-B4A1-E93B57E479AC}.Release|iPhone.Build.0 = Release|iPhone
		{464BA2D9-12FA-419D-B4A1-E93B57E479AC}.Release|iPhoneSimulator.ActiveCfg = Release|iPhoneSimulator
		{464BA2D9-12FA-419D-B4A1-E93B57E479AC}.Release|iPhoneSimulator.Build.0 = Release|iPhoneSimulator
		{464BA2D9-12FA-419D-B4A1-E93B57E479AC}.Debug|iPhone.ActiveCfg = Debug|iPhone
		{464BA2D9-12FA-419D-B4A1-E93B57E479AC}.Debug|iPhone.Build.0 = Debug|iPhone
	EndGlobalSection
EndGlobal
